
Microsoft Visual Studio Solution File, Format Version 12.00
# Visual Studio Version 17
VisualStudioVersion = 17.3.32819.101
MinimumVisualStudioVersion = 10.0.40219.1
Project("{FAE04EC0-301F-11D3-BF4B-00C04F79EFBC}") = "AdventOfCode2022", "AdventOfCode2022\AdventOfCode2022.csproj", "{F52500B4-2659-4263-9B54-77B27C04259B}"
EndProject
Global
	GlobalSection(SolutionConfigurationPlatforms) = preSolution
		Debug|Any CPU = Debug|Any CPU
		Release|Any CPU = Release|Any CPU
	EndGlobalSection
	GlobalSection(ProjectConfigurationPlatforms) = postSolution
		{F52500B4-2659-4263-9B54-77B27C04259B}.Debug|Any CPU.ActiveCfg = Debug|Any CPU
		{F52500B4-2659-4263-9B54-77B27C04259B}.Debug|Any CPU.Build.0 = Debug|Any CPU
		{F52500B4-2659-4263-9B54-77B27C04259B}.Release|Any CPU.ActiveCfg = Release|Any CPU
		{F52500B4-2659-4263-9B54-77B27C04259B}.Release|Any CPU.Build.0 = Release|Any CPU
	EndGlobalSection
	GlobalSection(SolutionProperties) = preSolution
		HideSolutionNode = FALSE
	EndGlobalSection
	GlobalSection(ExtensibilityGlobals) = postSolution
		SolutionGuid = {FFF7C630-2E87-467D-8F91-F5677A4DF8F4}
	EndGlobalSection
EndGlobal
